
Microsoft Visual Studio Solution File, Format Version 12.00
# Visual Studio Version 16
VisualStudioVersion = 16.0.32002.261
MinimumVisualStudioVersion = 10.0.40219.1
Project("{FAE04EC0-301F-11D3-BF4B-00C04F79EFBC}") = "AsynchronousCSharpCode", "AsynchronousCSharpCode\AsynchronousCSharpCode.csproj", "{CAF4B52B-C5DA-48A5-8651-54C670E8AAF8}"
EndProject
Global
	GlobalSection(SolutionConfigurationPlatforms) = preSolution
		Debug|Any CPU = Debug|Any CPU
		Release|Any CPU = Release|Any CPU
	EndGlobalSection
	GlobalSection(ProjectConfigurationPlatforms) = postSolution
		{CAF4B52B-C5DA-48A5-8651-54C670E8AAF8}.Debug|Any CPU.ActiveCfg = Debug|Any CPU
		{CAF4B52B-C5DA-48A5-8651-54C670E8AAF8}.Debug|Any CPU.Build.0 = Debug|Any CPU
		{CAF4B52B-C5DA-48A5-8651-54C670E8AAF8}.Release|Any CPU.ActiveCfg = Release|Any CPU
		{CAF4B52B-C5DA-48A5-8651-54C670E8AAF8}.Release|Any CPU.Build.0 = Release|Any CPU
	EndGlobalSection
	GlobalSection(SolutionProperties) = preSolution
		HideSolutionNode = FALSE
	EndGlobalSection
	GlobalSection(ExtensibilityGlobals) = postSolution
		SolutionGuid = {1290401D-392C-4327-84E1-B39B760CFADE}
	EndGlobalSection
EndGlobal
